
Microsoft Visual Studio Solution File, Format Version 12.00
# Visual Studio Version 16
VisualStudioVersion = 16.0.30225.117
MinimumVisualStudioVersion = 10.0.40219.1
Project("{FAE04EC0-301F-11D3-BF4B-00C04F79EFBC}") = "XML_Wpf", "XML_Wpf\XML_Wpf.csproj", "{FF41AEB4-5636-43CF-BA82-FB2051A5AA38}"
EndProject
Global
	GlobalSection(SolutionConfigurationPlatforms) = preSolution
		Debug|Any CPU = Debug|Any CPU
		Release|Any CPU = Release|Any CPU
	EndGlobalSection
	GlobalSection(ProjectConfigurationPlatforms) = postSolution
		{FF41AEB4-5636-43CF-BA82-FB2051A5AA38}.Debug|Any CPU.ActiveCfg = Debug|Any CPU
		{FF41AEB4-5636-43CF-BA82-FB2051A5AA38}.Debug|Any CPU.Build.0 = Debug|Any CPU
		{FF41AEB4-5636-43CF-BA82-FB2051A5AA38}.Release|Any CPU.ActiveCfg = Release|Any CPU
		{FF41AEB4-5636-43CF-BA82-FB2051A5AA38}.Release|Any CPU.Build.0 = Release|Any CPU
	EndGlobalSection
	GlobalSection(SolutionProperties) = preSolution
		HideSolutionNode = FALSE
	EndGlobalSection
	GlobalSection(ExtensibilityGlobals) = postSolution
		SolutionGuid = {B351CCF3-BC7B-4A24-A259-B07817A131AD}
	EndGlobalSection
EndGlobal
